
Microsoft Visual Studio Solution File, Format Version 12.00
# Visual Studio Version 17
VisualStudioVersion = 17.7.34202.233
MinimumVisualStudioVersion = 10.0.40219.1
Project("{FAE04EC0-301F-11D3-BF4B-00C04F79EFBC}") = "Group2_Lab03", "Group2_Lab03\Group2_Lab03.csproj", "{6E69E818-B0EA-400F-8AC0-C34DB0888BCB}"
EndProject
Global
	GlobalSection(SolutionConfigurationPlatforms) = preSolution
		Debug|Any CPU = Debug|Any CPU
		Release|Any CPU = Release|Any CPU
	EndGlobalSection
	GlobalSection(ProjectConfigurationPlatforms) = postSolution
		{6E69E818-B0EA-400F-8AC0-C34DB0888BCB}.Debug|Any CPU.ActiveCfg = Debug|Any CPU
		{6E69E818-B0EA-400F-8AC0-C34DB0888BCB}.Debug|Any CPU.Build.0 = Debug|Any CPU
		{6E69E818-B0EA-400F-8AC0-C34DB0888BCB}.Release|Any CPU.ActiveCfg = Release|Any CPU
		{6E69E818-B0EA-400F-8AC0-C34DB0888BCB}.Release|Any CPU.Build.0 = Release|Any CPU
	EndGlobalSection
	GlobalSection(SolutionProperties) = preSolution
		HideSolutionNode = FALSE
	EndGlobalSection
	GlobalSection(ExtensibilityGlobals) = postSolution
		SolutionGuid = {F7D44002-5EA5-4136-A287-2FF9F69BDF78}
	EndGlobalSection
EndGlobal
